
Microsoft Visual Studio Solution File, Format Version 12.00
Project("{FAE04EC0-301F-11D3-BF4B-00C04F79EFBC}") = "HallProbeMonitor", "HallProbeMonitor\HallProbeMonitor.csproj", "{0813FCE6-521F-4D88-B3E2-F53C244ED62C}"
EndProject
Global
	GlobalSection(SolutionConfigurationPlatforms) = preSolution
		Debug|Any CPU = Debug|Any CPU
		Release|Any CPU = Release|Any CPU
	EndGlobalSection
	GlobalSection(ProjectConfigurationPlatforms) = postSolution
		{0813FCE6-521F-4D88-B3E2-F53C244ED62C}.Debug|Any CPU.ActiveCfg = Debug|Any CPU
		{0813FCE6-521F-4D88-B3E2-F53C244ED62C}.Debug|Any CPU.Build.0 = Debug|Any CPU
		{0813FCE6-521F-4D88-B3E2-F53C244ED62C}.Release|Any CPU.ActiveCfg = Release|Any CPU
		{0813FCE6-521F-4D88-B3E2-F53C244ED62C}.Release|Any CPU.Build.0 = Release|Any CPU
	EndGlobalSection
EndGlobal
